
Microsoft Visual Studio Solution File, Format Version 12.00
# Visual Studio 15
VisualStudioVersion = 15.0.28307.168
MinimumVisualStudioVersion = 10.0.40219.1
Project("{FAE04EC0-301F-11D3-BF4B-00C04F79EFBC}") = "PCConfigurationTool.Shell", "PCConfigurationTool\PCConfigurationTool.Shell.csproj", "{44F789EC-D1CB-4842-96FC-30C1FF08B16B}"
EndProject
Project("{FAE04EC0-301F-11D3-BF4B-00C04F79EFBC}") = "PCConfigurationTool.Core", "PCConfigurationTool.Core\PCConfigurationTool.Core.csproj", "{1844EBC0-9D5F-4025-9939-B0B3823CE97B}"
EndProject
Project("{FAE04EC0-301F-11D3-BF4B-00C04F79EFBC}") = "PCConfigurationTool.Database", "PCConfigurationTool.Database\PCConfigurationTool.Database.csproj", "{012EFE46-9691-4B10-A00E-96470CB86AEB}"
EndProject
Project("{FAE04EC0-301F-11D3-BF4B-00C04F79EFBC}") = "PCConfigurationTool.WinFormsPresentation", "PCConfigurationTool.WinFormsPresentation\PCConfigurationTool.WinFormsPresentation.csproj", "{D407638C-93DC-4E19-BAC4-5EC45BAC46E7}"
EndProject
Project("{FAE04EC0-301F-11D3-BF4B-00C04F79EFBC}") = "PCConfigurationTool.BusinessLayer", "PCConfigurationTool.BusinessLayer\PCConfigurationTool.BusinessLayer.csproj", "{7681047C-56D4-448F-890A-B6A836607226}"
EndProject
Global
	GlobalSection(SolutionConfigurationPlatforms) = preSolution
		Debug|Any CPU = Debug|Any CPU
		Release|Any CPU = Release|Any CPU
	EndGlobalSection
	GlobalSection(ProjectConfigurationPlatforms) = postSolution
		{44F789EC-D1CB-4842-96FC-30C1FF08B16B}.Debug|Any CPU.ActiveCfg = Debug|Any CPU
		{44F789EC-D1CB-4842-96FC-30C1FF08B16B}.Debug|Any CPU.Build.0 = Debug|Any CPU
		{44F789EC-D1CB-4842-96FC-30C1FF08B16B}.Release|Any CPU.ActiveCfg = Debug|Any CPU
		{44F789EC-D1CB-4842-96FC-30C1FF08B16B}.Release|Any CPU.Build.0 = Debug|Any CPU
		{1844EBC0-9D5F-4025-9939-B0B3823CE97B}.Debug|Any CPU.ActiveCfg = Debug|Any CPU
		{1844EBC0-9D5F-4025-9939-B0B3823CE97B}.Debug|Any CPU.Build.0 = Debug|Any CPU
		{1844EBC0-9D5F-4025-9939-B0B3823CE97B}.Release|Any CPU.ActiveCfg = Debug|Any CPU
		{1844EBC0-9D5F-4025-9939-B0B3823CE97B}.Release|Any CPU.Build.0 = Debug|Any CPU
		{012EFE46-9691-4B10-A00E-96470CB86AEB}.Debug|Any CPU.ActiveCfg = Debug|Any CPU
		{012EFE46-9691-4B10-A00E-96470CB86AEB}.Debug|Any CPU.Build.0 = Debug|Any CPU
		{012EFE46-9691-4B10-A00E-96470CB86AEB}.Release|Any CPU.ActiveCfg = Debug|Any CPU
		{012EFE46-9691-4B10-A00E-96470CB86AEB}.Release|Any CPU.Build.0 = Debug|Any CPU
		{D407638C-93DC-4E19-BAC4-5EC45BAC46E7}.Debug|Any CPU.ActiveCfg = Debug|Any CPU
		{D407638C-93DC-4E19-BAC4-5EC45BAC46E7}.Debug|Any CPU.Build.0 = Debug|Any CPU
		{D407638C-93DC-4E19-BAC4-5EC45BAC46E7}.Release|Any CPU.ActiveCfg = Debug|Any CPU
		{D407638C-93DC-4E19-BAC4-5EC45BAC46E7}.Release|Any CPU.Build.0 = Debug|Any CPU
		{7681047C-56D4-448F-890A-B6A836607226}.Debug|Any CPU.ActiveCfg = Debug|Any CPU
		{7681047C-56D4-448F-890A-B6A836607226}.Debug|Any CPU.Build.0 = Debug|Any CPU
		{7681047C-56D4-448F-890A-B6A836607226}.Release|Any CPU.ActiveCfg = Debug|Any CPU
		{7681047C-56D4-448F-890A-B6A836607226}.Release|Any CPU.Build.0 = Debug|Any CPU
	EndGlobalSection
	GlobalSection(SolutionProperties) = preSolution
		HideSolutionNode = FALSE
	EndGlobalSection
	GlobalSection(ExtensibilityGlobals) = postSolution
		SolutionGuid = {7D1FD6A5-B379-40DD-B222-659378415D8D}
	EndGlobalSection
EndGlobal
